
Microsoft Visual Studio Solution File, Format Version 12.00
# Visual Studio Version 17
VisualStudioVersion = 17.2.32526.322
MinimumVisualStudioVersion = 10.0.40219.1
Project("{FAE04EC0-301F-11D3-BF4B-00C04F79EFBC}") = "sqlapp1", "sqlapp1\sqlapp1.csproj", "{E85CFFDC-227C-4E3B-BC40-D7B897FD686A}"
EndProject
Global
	GlobalSection(SolutionConfigurationPlatforms) = preSolution
		Debug|Any CPU = Debug|Any CPU
		Release|Any CPU = Release|Any CPU
	EndGlobalSection
	GlobalSection(ProjectConfigurationPlatforms) = postSolution
		{E85CFFDC-227C-4E3B-BC40-D7B897FD686A}.Debug|Any CPU.ActiveCfg = Debug|Any CPU
		{E85CFFDC-227C-4E3B-BC40-D7B897FD686A}.Debug|Any CPU.Build.0 = Debug|Any CPU
		{E85CFFDC-227C-4E3B-BC40-D7B897FD686A}.Release|Any CPU.ActiveCfg = Release|Any CPU
		{E85CFFDC-227C-4E3B-BC40-D7B897FD686A}.Release|Any CPU.Build.0 = Release|Any CPU
	EndGlobalSection
	GlobalSection(SolutionProperties) = preSolution
		HideSolutionNode = FALSE
	EndGlobalSection
	GlobalSection(ExtensibilityGlobals) = postSolution
		SolutionGuid = {D59D97AE-8622-4F84-8720-ADFD1DF1924C}
	EndGlobalSection
EndGlobal
